
Microsoft Visual Studio Solution File, Format Version 12.00
# Visual Studio Version 17
VisualStudioVersion = 17.5.33414.496
MinimumVisualStudioVersion = 10.0.40219.1
Project("{FAE04EC0-301F-11D3-BF4B-00C04F79EFBC}") = "A011_FormatSpecifier", "A011_FormatSpecifier\A011_FormatSpecifier.csproj", "{F71DB516-A231-470E-B569-5D0044B758E3}"
EndProject
Global
	GlobalSection(SolutionConfigurationPlatforms) = preSolution
		Debug|Any CPU = Debug|Any CPU
		Release|Any CPU = Release|Any CPU
	EndGlobalSection
	GlobalSection(ProjectConfigurationPlatforms) = postSolution
		{F71DB516-A231-470E-B569-5D0044B758E3}.Debug|Any CPU.ActiveCfg = Debug|Any CPU
		{F71DB516-A231-470E-B569-5D0044B758E3}.Debug|Any CPU.Build.0 = Debug|Any CPU
		{F71DB516-A231-470E-B569-5D0044B758E3}.Release|Any CPU.ActiveCfg = Release|Any CPU
		{F71DB516-A231-470E-B569-5D0044B758E3}.Release|Any CPU.Build.0 = Release|Any CPU
	EndGlobalSection
	GlobalSection(SolutionProperties) = preSolution
		HideSolutionNode = FALSE
	EndGlobalSection
	GlobalSection(ExtensibilityGlobals) = postSolution
		SolutionGuid = {3CAD7B85-053A-40C9-A8A3-BB06E09C70B4}
	EndGlobalSection
EndGlobal
