
Microsoft Visual Studio Solution File, Format Version 12.00
# Visual Studio Version 17
VisualStudioVersion = 17.5.33414.496
MinimumVisualStudioVersion = 10.0.40219.1
Project("{FAE04EC0-301F-11D3-BF4B-00C04F79EFBC}") = "A018_DivideByZero", "A018_DivideByZero\A018_DivideByZero.csproj", "{0C091BAB-886F-490D-B781-24184040A1EA}"
EndProject
Global
	GlobalSection(SolutionConfigurationPlatforms) = preSolution
		Debug|Any CPU = Debug|Any CPU
		Release|Any CPU = Release|Any CPU
	EndGlobalSection
	GlobalSection(ProjectConfigurationPlatforms) = postSolution
		{0C091BAB-886F-490D-B781-24184040A1EA}.Debug|Any CPU.ActiveCfg = Debug|Any CPU
		{0C091BAB-886F-490D-B781-24184040A1EA}.Debug|Any CPU.Build.0 = Debug|Any CPU
		{0C091BAB-886F-490D-B781-24184040A1EA}.Release|Any CPU.ActiveCfg = Release|Any CPU
		{0C091BAB-886F-490D-B781-24184040A1EA}.Release|Any CPU.Build.0 = Release|Any CPU
	EndGlobalSection
	GlobalSection(SolutionProperties) = preSolution
		HideSolutionNode = FALSE
	EndGlobalSection
	GlobalSection(ExtensibilityGlobals) = postSolution
		SolutionGuid = {B076BE9C-814A-4EFD-B7FA-D5B51FC03AAE}
	EndGlobalSection
EndGlobal
